{
  "version": 4,
  "terraform_version": "0.12.24",
  "serial": 49,
  "lineage": "ad68b618-3a48-ac8a-6042-5db9c298f5c4",
  "outputs": {
    "cluster_name": {
      "value": "kefir-k8s-cluster-dev",
      "type": "string"
    }
  },
  "resources": [
    {
      "module": "module.gke",
      "mode": "data",
      "type": "google_client_config",
      "name": "default",
      "provider": "provider.google",
      "instances": [
        {
          "schema_version": 0,
          "attributes": {
            "access_token": "ya29.a0AfH6SMCO02nJSVBLxDkYqtdiz3hz3-AJ2-Y-UkuTe-bDFbVmdhs6qf36SZM8jKWEhBURFfutyHyWqAkliEjtACKLFLO0U7gPk0M0Jf0kSeU752LuAs0EDRr8R4IByUYYlndgCy_LkIRYkniNEan3n2VqpraLO9JxmLSF7kz13qNz0fKD_qqRkGyb1waC8PWApacgYcq9SspX3yeXRbCyVSwkGU-YGkpmg5KmBz1fiH4X_o9Ci159imldjVW0A4p_S5bTDMc",
            "id": "projects/kefir-306607/regions//zones/",
            "project": "kefir-306607",
            "region": "",
            "zone": ""
          }
        }
      ]
    },
    {
      "module": "module.gke_auth",
      "mode": "data",
      "type": "google_client_config",
      "name": "provider",
      "provider": "provider.google",
      "instances": [
        {
          "schema_version": 0,
          "attributes": {
            "access_token": "ya29.a0AfH6SMCO02nJSVBLxDkYqtdiz3hz3-AJ2-Y-UkuTe-bDFbVmdhs6qf36SZM8jKWEhBURFfutyHyWqAkliEjtACKLFLO0U7gPk0M0Jf0kSeU752LuAs0EDRr8R4IByUYYlndgCy_LkIRYkniNEan3n2VqpraLO9JxmLSF7kz13qNz0fKD_qqRkGyb1waC8PWApacgYcq9SspX3yeXRbCyVSwkGU-YGkpmg5KmBz1fiH4X_o9Ci159imldjVW0A4p_S5bTDMc",
            "id": "projects/kefir-306607/regions//zones/",
            "project": "kefir-306607",
            "region": "",
            "zone": ""
          }
        }
      ]
    },
    {
      "module": "module.gke",
      "mode": "data",
      "type": "google_compute_subnetwork",
      "name": "gke_subnetwork",
      "each": "list",
      "provider": "provider.google",
      "instances": []
    },
    {
      "module": "module.gke",
      "mode": "data",
      "type": "google_compute_zones",
      "name": "available",
      "provider": "provider.google",
      "instances": [
        {
          "schema_version": 0,
          "attributes": {
            "id": "projects/kefir-306607/regions/europe-north1",
            "names": [
              "europe-north1-a",
              "europe-north1-b",
              "europe-north1-c"
            ],
            "project": "kefir-306607",
            "region": "europe-north1",
            "status": null
          }
        }
      ]
    },
    {
      "module": "module.gke_auth",
      "mode": "data",
      "type": "google_container_cluster",
      "name": "gke_cluster",
      "provider": "provider.google",
      "instances": [
        {
          "schema_version": 0,
          "attributes": {
            "addons_config": [
              {
                "cloudrun_config": [],
                "horizontal_pod_autoscaling": [
                  {
                    "disabled": false
                  }
                ],
                "http_load_balancing": [
                  {
                    "disabled": false
                  }
                ],
                "network_policy_config": [
                  {
                    "disabled": false
                  }
                ]
              }
            ],
            "authenticator_groups_config": [],
            "cluster_autoscaling": [
              {
                "auto_provisioning_defaults": [],
                "enabled": false,
                "resource_limits": []
              }
            ],
            "cluster_ipv4_cidr": "10.20.0.0/16",
            "database_encryption": [
              {
                "key_name": "",
                "state": "DECRYPTED"
              }
            ],
            "default_max_pods_per_node": 110,
            "description": "",
            "enable_binary_authorization": false,
            "enable_intranode_visibility": null,
            "enable_kubernetes_alpha": false,
            "enable_legacy_abac": false,
            "enable_shielded_nodes": false,
            "enable_tpu": null,
            "endpoint": "35.228.30.211",
            "id": "projects/kefir-306607/locations/europe-north1/clusters/kefir-k8s-cluster-dev",
            "initial_node_count": 0,
            "instance_group_urls": [
              "https://www.googleapis.com/compute/v1/projects/kefir-306607/zones/europe-north1-a/instanceGroups/gke-kefir-k8s-cluster-de-default-pool-9c05b895-grp",
              "https://www.googleapis.com/compute/v1/projects/kefir-306607/zones/europe-north1-b/instanceGroups/gke-kefir-k8s-cluster-de-default-pool-a77c2eef-grp",
              "https://www.googleapis.com/compute/v1/projects/kefir-306607/zones/europe-north1-c/instanceGroups/gke-kefir-k8s-cluster-de-default-pool-8a34c6e1-grp",
              "https://www.googleapis.com/compute/v1/projects/kefir-306607/zones/europe-north1-a/instanceGroups/gke-kefir-k8s-cluster-dev-node-pool-6e685502-grp",
              "https://www.googleapis.com/compute/v1/projects/kefir-306607/zones/europe-north1-b/instanceGroups/gke-kefir-k8s-cluster-dev-node-pool-7e835a9c-grp",
              "https://www.googleapis.com/compute/v1/projects/kefir-306607/zones/europe-north1-c/instanceGroups/gke-kefir-k8s-cluster-dev-node-pool-d631ba8f-grp"
            ],
            "ip_allocation_policy": [
              {
                "cluster_ipv4_cidr_block": "10.20.0.0/16",
                "cluster_secondary_range_name": "ip-range-pods",
                "services_ipv4_cidr_block": "10.30.0.0/16",
                "services_secondary_range_name": "ip-range-services"
              }
            ],
            "label_fingerprint": "a9dc16a7",
            "location": "europe-north1",
            "logging_service": "logging.googleapis.com/kubernetes",
            "maintenance_policy": [
              {
                "daily_maintenance_window": [
                  {
                    "duration": "PT4H0M0S",
                    "start_time": "05:00"
                  }
                ],
                "recurring_window": []
              }
            ],
            "master_auth": [
              {
                "client_certificate": "",
                "client_certificate_config": [
                  {
                    "issue_client_certificate": false
                  }
                ],
                "client_key": "",
                "cluster_ca_certificate": "LS0tLS1CRUdJTiBDRVJUSUZJQ0FURS0tLS0tCk1JSURLakNDQWhLZ0F3SUJBZ0lRUGFqSVYwUHpqVHQ3UnFsbE9KcW9IREFOQmdrcWhraUc5dzBCQVFzRkFEQXYKTVMwd0t3WURWUVFERXlSa05qa3paVGRsTlMwelptVmxMVFJrT0RBdFlqTTJPUzFrWVRKaE5XUTJPV00zTURRdwpIaGNOTWpFd016QTRNakV3TkRJd1doY05Nall3TXpBM01qSXdOREl3V2pBdk1TMHdLd1lEVlFRREV5UmtOamt6ClpUZGxOUzB6Wm1WbExUUmtPREF0WWpNMk9TMWtZVEpoTldRMk9XTTNNRFF3Z2dFaU1BMEdDU3FHU0liM0RRRUIKQVFVQUE0SUJEd0F3Z2dFS0FvSUJBUURhck9pSFJDVWMzZnNZZFhWRWt5Z09ZallrUjJGbU1KTTVrL1R5SHY2cApUSklZMnNQUXQrVXZISnExdnFkSExCVGZlQTdSaGRkRlF6SDFaT2VUcXhray9BUEdrNnR5VE9PQXpWcnVtQUhiCnl0NGN1VVJFbUYwWWdIeWo4UWU5VHNIVG1PU1kxOTA4QzNJWGE4WC9XMC9tTlphNGRWNGErYXF6V1NzTXpONnYKMC9zTGIwT1AwMkVweElPZXNNTCtjOW9sd0hnTWxRNWxQU1VHdFdSZCtXdVB3RXBsVlRDZWZINkkzRlNBTkRnQQoxallXcDUwanRJT0VLbitxaU16Y2JOUllLTElnZlF1ekJHK2pxUmc2dFZ4aFVqVldzdzJhWnh5MmF4dlJraC85CmZhMVJKdlVQc0hUSXVkYXZJZ09DeTFDVFNscVU5Wis5blhzeENaeE1PMWxCQWdNQkFBR2pRakJBTUE0R0ExVWQKRHdFQi93UUVBd0lDQkRBUEJnTlZIUk1CQWY4RUJUQURBUUgvTUIwR0ExVWREZ1FXQkJRT0Q0Y1VEZ1BiYUhJWQpnNHZFd1dJWjJhWDJyVEFOQmdrcWhraUc5dzBCQVFzRkFBT0NBUUVBWEI0VFJqdmFtTVdyY1NYT3JDNDYzeGVqCndLOTlOUlV3MS9jTDBBbVpkcUZ2Q0R0ZmxTd0xNc1pCMTRwZVZYa0lra0pRbG9ETXM5NU1oVHVSNGVZVzE2TEIKcjk2Y3VuWEdRbzFraGZtS1p1RXgvTzZvK1QxbWppWW5uN3JJZTFYOHFhajFGUXRWeFFDNzZLV242d1krZER0NwpqMzJIV01JSlkwV1lIa1QzNjdjd3lmS2s3N2FXay8yN09jWjZ0S2ZKVUs5K1pLTVZRd2pRK3pYa05PR1gzTVhHClZ3b2xmVE8vbHl1c1JPWGZOQldxSnd3Qm8rQVorRTc4d3dTdUpQdHdMTmRKdnNqWHlvSm9ONWQxVldBQzBzZVAKYVBiSWFuQ1lOeGZoYjJ3NkdMb3ZwNnplL1pFZmVkTlRnRWx2U3NXUVQ4UHdpSzJyTzFvOER2NUdlMnFnR3c9PQotLS0tLUVORCBDRVJUSUZJQ0FURS0tLS0tCg==",
                "password": "",
                "username": ""
              }
            ],
            "master_authorized_networks_config": [],
            "master_version": "1.18.16-gke.500",
            "min_master_version": null,
            "monitoring_service": "monitoring.googleapis.com/kubernetes",
            "name": "kefir-k8s-cluster-dev",
            "network": "projects/kefir-306607/global/networks/gke-network-dev",
            "network_policy": [
              {
                "enabled": true,
                "provider": "CALICO"
              }
            ],
            "node_config": [
              {
                "disk_size_gb": 100,
                "disk_type": "pd-standard",
                "guest_accelerator": [],
                "image_type": "COS",
                "labels": {},
                "local_ssd_count": 0,
                "machine_type": "e2-medium",
                "metadata": {
                  "disable-legacy-endpoints": "true"
                },
                "min_cpu_platform": "",
                "oauth_scopes": [
                  "https://www.googleapis.com/auth/logging.write",
                  "https://www.googleapis.com/auth/monitoring"
                ],
                "preemptible": false,
                "service_account": "tf-gke-kefir-k8s-clust-33bd@kefir-306607.iam.gserviceaccount.com",
                "shielded_instance_config": [
                  {
                    "enable_integrity_monitoring": true,
                    "enable_secure_boot": false
                  }
                ],
                "tags": [],
                "taint": [],
                "workload_metadata_config": []
              }
            ],
            "node_locations": [
              "europe-north1-a",
              "europe-north1-b",
              "europe-north1-c"
            ],
            "node_pool": [
              {
                "autoscaling": [],
                "initial_node_count": 0,
                "instance_group_urls": [
                  "https://www.googleapis.com/compute/v1/projects/kefir-306607/zones/europe-north1-a/instanceGroupManagers/gke-kefir-k8s-cluster-de-default-pool-9c05b895-grp",
                  "https://www.googleapis.com/compute/v1/projects/kefir-306607/zones/europe-north1-b/instanceGroupManagers/gke-kefir-k8s-cluster-de-default-pool-a77c2eef-grp",
                  "https://www.googleapis.com/compute/v1/projects/kefir-306607/zones/europe-north1-c/instanceGroupManagers/gke-kefir-k8s-cluster-de-default-pool-8a34c6e1-grp"
                ],
                "management": [
                  {
                    "auto_repair": true,
                    "auto_upgrade": true
                  }
                ],
                "max_pods_per_node": 110,
                "name": "default-pool",
                "name_prefix": "",
                "node_config": [
                  {
                    "disk_size_gb": 100,
                    "disk_type": "pd-standard",
                    "guest_accelerator": [],
                    "image_type": "COS",
                    "labels": {},
                    "local_ssd_count": 0,
                    "machine_type": "e2-medium",
                    "metadata": {
                      "disable-legacy-endpoints": "true"
                    },
                    "min_cpu_platform": "",
                    "oauth_scopes": [
                      "https://www.googleapis.com/auth/logging.write",
                      "https://www.googleapis.com/auth/monitoring"
                    ],
                    "preemptible": false,
                    "service_account": "tf-gke-kefir-k8s-clust-33bd@kefir-306607.iam.gserviceaccount.com",
                    "shielded_instance_config": [
                      {
                        "enable_integrity_monitoring": true,
                        "enable_secure_boot": false
                      }
                    ],
                    "tags": [],
                    "taint": [],
                    "workload_metadata_config": []
                  }
                ],
                "node_count": 0,
                "node_locations": [
                  "europe-north1-a",
                  "europe-north1-b",
                  "europe-north1-c"
                ],
                "upgrade_settings": [
                  {
                    "max_surge": 1,
                    "max_unavailable": 0
                  }
                ],
                "version": "1.18.16-gke.500"
              },
              {
                "autoscaling": [
                  {
                    "max_node_count": 2,
                    "min_node_count": 1
                  }
                ],
                "initial_node_count": 1,
                "instance_group_urls": [
                  "https://www.googleapis.com/compute/v1/projects/kefir-306607/zones/europe-north1-a/instanceGroupManagers/gke-kefir-k8s-cluster-dev-node-pool-6e685502-grp",
                  "https://www.googleapis.com/compute/v1/projects/kefir-306607/zones/europe-north1-b/instanceGroupManagers/gke-kefir-k8s-cluster-dev-node-pool-7e835a9c-grp",
                  "https://www.googleapis.com/compute/v1/projects/kefir-306607/zones/europe-north1-c/instanceGroupManagers/gke-kefir-k8s-cluster-dev-node-pool-d631ba8f-grp"
                ],
                "management": [
                  {
                    "auto_repair": true,
                    "auto_upgrade": true
                  }
                ],
                "max_pods_per_node": 110,
                "name": "node-pool",
                "name_prefix": "",
                "node_config": [
                  {
                    "disk_size_gb": 30,
                    "disk_type": "pd-standard",
                    "guest_accelerator": [],
                    "image_type": "COS",
                    "labels": {
                      "cluster_name": "kefir-k8s-cluster-dev",
                      "node_pool": "node-pool"
                    },
                    "local_ssd_count": 0,
                    "machine_type": "e2-medium",
                    "metadata": {
                      "cluster_name": "kefir-k8s-cluster-dev",
                      "disable-legacy-endpoints": "true",
                      "node_pool": "node-pool"
                    },
                    "min_cpu_platform": "",
                    "oauth_scopes": [
                      "https://www.googleapis.com/auth/cloud-platform"
                    ],
                    "preemptible": false,
                    "service_account": "tf-gke-kefir-k8s-clust-33bd@kefir-306607.iam.gserviceaccount.com",
                    "shielded_instance_config": [
                      {
                        "enable_integrity_monitoring": true,
                        "enable_secure_boot": false
                      }
                    ],
                    "tags": [
                      "gke-kefir-k8s-cluster-dev",
                      "gke-kefir-k8s-cluster-dev-node-pool"
                    ],
                    "taint": [],
                    "workload_metadata_config": []
                  }
                ],
                "node_count": 1,
                "node_locations": [
                  "europe-north1-a",
                  "europe-north1-b",
                  "europe-north1-c"
                ],
                "upgrade_settings": [
                  {
                    "max_surge": 1,
                    "max_unavailable": 0
                  }
                ],
                "version": "1.18.16-gke.500"
              }
            ],
            "node_version": "1.18.16-gke.500",
            "operation": null,
            "pod_security_policy_config": null,
            "private_cluster_config": [],
            "project": "kefir-306607",
            "release_channel": [
              {
                "channel": "UNSPECIFIED"
              }
            ],
            "remove_default_node_pool": null,
            "resource_labels": {},
            "resource_usage_export_config": [],
            "self_link": "https://container.googleapis.com/v1beta1/projects/kefir-306607/locations/europe-north1/clusters/kefir-k8s-cluster-dev",
            "services_ipv4_cidr": "10.30.0.0/16",
            "subnetwork": "projects/kefir-306607/regions/europe-north1/subnetworks/gke-subnet-dev",
            "vertical_pod_autoscaling": [],
            "workload_identity_config": []
          }
        }
      ]
    },
    {
      "module": "module.gke",
      "mode": "data",
      "type": "google_container_engine_versions",
      "name": "region",
      "provider": "provider.google",
      "instances": [
        {
          "schema_version": 0,
          "attributes": {
            "default_cluster_version": "1.17.17-gke.1101",
            "id": "2021-03-08 22:56:49.699012791 +0000 UTC",
            "latest_master_version": "1.18.16-gke.500",
            "latest_node_version": "1.18.16-gke.500",
            "location": "europe-north1",
            "project": "kefir-306607",
            "release_channel_default_version": {
              "RAPID": "1.19.7-gke.2503",
              "REGULAR": "1.18.12-gke.1210",
              "STABLE": "1.17.17-gke.1101"
            },
            "valid_master_versions": [
              "1.18.16-gke.500",
              "1.18.16-gke.300",
              "1.18.15-gke.1501",
              "1.18.15-gke.1500",
              "1.18.15-gke.1102",
              "1.18.15-gke.1100",
              "1.18.14-gke.1600",
              "1.18.14-gke.1200",
              "1.18.12-gke.1210",
              "1.17.17-gke.3000",
              "1.17.17-gke.2800",
              "1.17.17-gke.1500",
              "1.17.17-gke.1101",
              "1.17.17-gke.1100",
              "1.17.15-gke.800",
              "1.16.15-gke.12500",
              "1.16.15-gke.11800",
              "1.16.15-gke.10600",
              "1.16.15-gke.7801",
              "1.15.12-gke.6002"
            ],
            "valid_node_versions": [
              "1.18.16-gke.500",
              "1.18.16-gke.300",
              "1.18.15-gke.2500",
              "1.18.15-gke.1501",
              "1.18.15-gke.1500",
              "1.18.15-gke.1102",
              "1.18.15-gke.1100",
              "1.18.15-gke.800",
              "1.18.14-gke.1600",
              "1.18.14-gke.1200",
              "1.18.12-gke.1210",
              "1.18.12-gke.1206",
              "1.18.12-gke.1205",
              "1.18.12-gke.1201",
              "1.18.12-gke.1200",
              "1.18.12-gke.300",
              "1.18.10-gke.2701",
              "1.18.10-gke.2101",
              "1.18.10-gke.1500",
              "1.18.10-gke.601",
              "1.18.9-gke.2501",
              "1.18.9-gke.1501",
              "1.18.9-gke.801",
              "1.18.6-gke.4801",
              "1.18.6-gke.3504",
              "1.18.6-gke.3503",
              "1.17.17-gke.3000",
              "1.17.17-gke.2800",
              "1.17.17-gke.2500",
              "1.17.17-gke.1500",
              "1.17.17-gke.1101",
              "1.17.17-gke.1100",
              "1.17.17-gke.600",
              "1.17.16-gke.1600",
              "1.17.16-gke.1300",
              "1.17.15-gke.800",
              "1.17.15-gke.300",
              "1.17.14-gke.1600",
              "1.17.14-gke.1200",
              "1.17.14-gke.400",
              "1.17.13-gke.2600",
              "1.17.13-gke.2001",
              "1.17.13-gke.1401",
              "1.17.13-gke.1400",
              "1.17.13-gke.600",
              "1.17.12-gke.2502",
              "1.17.12-gke.1504",
              "1.17.12-gke.1501",
              "1.17.12-gke.500",
              "1.17.9-gke.6300",
              "1.17.9-gke.1504",
              "1.16.15-gke.12500",
              "1.16.15-gke.11800",
              "1.16.15-gke.10600",
              "1.16.15-gke.7801",
              "1.16.15-gke.7800",
              "1.16.15-gke.7300",
              "1.16.15-gke.6900",
              "1.16.15-gke.6000",
              "1.16.15-gke.5500",
              "1.16.15-gke.4901",
              "1.16.15-gke.4301",
              "1.16.15-gke.4300",
              "1.16.15-gke.3500",
              "1.16.15-gke.2601",
              "1.16.15-gke.1600",
              "1.16.15-gke.500",
              "1.16.13-gke.404",
              "1.16.13-gke.403",
              "1.16.13-gke.401",
              "1.16.13-gke.400",
              "1.16.13-gke.1",
              "1.16.11-gke.5",
              "1.16.10-gke.8",
              "1.16.9-gke.6",
              "1.16.9-gke.2",
              "1.16.8-gke.15",
              "1.16.8-gke.12",
              "1.16.8-gke.9",
              "1.15.12-gke.6002",
              "1.15.12-gke.6001",
              "1.15.12-gke.5000",
              "1.15.12-gke.4002",
              "1.15.12-gke.4000",
              "1.15.12-gke.20",
              "1.15.12-gke.17",
              "1.15.12-gke.16",
              "1.15.12-gke.13",
              "1.15.12-gke.9",
              "1.15.12-gke.6",
              "1.15.12-gke.3",
              "1.15.12-gke.2",
              "1.15.11-gke.17",
              "1.15.11-gke.15",
              "1.15.11-gke.13",
              "1.15.11-gke.12",
              "1.15.11-gke.11",
              "1.15.11-gke.9",
              "1.15.11-gke.5",
              "1.15.11-gke.3",
              "1.15.11-gke.1",
              "1.15.9-gke.26",
              "1.15.9-gke.24",
              "1.15.9-gke.22",
              "1.15.9-gke.12",
              "1.15.9-gke.9",
              "1.15.9-gke.8",
              "1.15.8-gke.3",
              "1.15.8-gke.2",
              "1.15.7-gke.23",
              "1.15.7-gke.2",
              "1.15.4-gke.22",
              "1.14.10-gke.1504",
              "1.14.10-gke.902",
              "1.14.10-gke.50",
              "1.14.10-gke.46",
              "1.14.10-gke.45",
              "1.14.10-gke.42",
              "1.14.10-gke.41",
              "1.14.10-gke.40",
              "1.14.10-gke.37",
              "1.14.10-gke.36",
              "1.14.10-gke.34",
              "1.14.10-gke.32",
              "1.14.10-gke.31",
              "1.14.10-gke.27",
              "1.14.10-gke.24",
              "1.14.10-gke.22",
              "1.14.10-gke.21",
              "1.14.10-gke.17",
              "1.14.10-gke.0",
              "1.14.9-gke.23",
              "1.14.9-gke.2",
              "1.14.9-gke.0",
              "1.14.8-gke.33",
              "1.14.8-gke.21",
              "1.14.8-gke.18",
              "1.14.8-gke.17",
              "1.14.8-gke.14",
              "1.14.8-gke.12",
              "1.14.8-gke.7",
              "1.14.8-gke.2",
              "1.14.7-gke.40",
              "1.14.7-gke.25",
              "1.14.7-gke.23",
              "1.14.7-gke.17",
              "1.14.7-gke.14",
              "1.14.7-gke.10",
              "1.14.6-gke.13",
              "1.14.6-gke.2",
              "1.14.6-gke.1",
              "1.14.3-gke.11",
              "1.14.3-gke.10",
              "1.14.3-gke.9",
              "1.14.2-gke.9",
              "1.14.1-gke.5",
              "1.13.12-gke.30",
              "1.13.12-gke.25",
              "1.13.12-gke.17",
              "1.13.12-gke.16",
              "1.13.12-gke.14",
              "1.13.12-gke.13",
              "1.13.12-gke.10",
              "1.13.12-gke.8",
              "1.13.12-gke.4",
              "1.13.12-gke.2",
              "1.13.11-gke.23",
              "1.13.11-gke.15",
              "1.13.11-gke.14",
              "1.13.11-gke.12",
              "1.13.11-gke.11",
              "1.13.11-gke.9",
              "1.13.11-gke.5",
              "1.13.10-gke.7",
              "1.13.10-gke.0",
              "1.13.9-gke.11",
              "1.13.9-gke.3",
              "1.13.7-gke.24",
              "1.13.7-gke.19",
              "1.13.7-gke.15",
              "1.13.7-gke.8",
              "1.13.7-gke.0",
              "1.13.6-gke.13",
              "1.13.6-gke.6",
              "1.13.6-gke.5",
              "1.13.6-gke.0",
              "1.13.5-gke.10",
              "1.12.10-gke.22",
              "1.12.10-gke.20",
              "1.12.10-gke.19",
              "1.12.10-gke.18",
              "1.12.10-gke.17",
              "1.12.10-gke.15",
              "1.12.10-gke.13",
              "1.12.10-gke.11",
              "1.12.10-gke.5",
              "1.12.9-gke.16",
              "1.12.9-gke.15",
              "1.12.9-gke.13",
              "1.12.9-gke.10",
              "1.12.9-gke.7",
              "1.12.9-gke.3",
              "1.12.8-gke.12",
              "1.12.8-gke.10",
              "1.12.8-gke.7",
              "1.12.8-gke.6",
              "1.12.7-gke.26",
              "1.12.7-gke.25",
              "1.12.7-gke.24",
              "1.12.7-gke.22",
              "1.12.7-gke.21",
              "1.12.7-gke.17",
              "1.12.7-gke.10",
              "1.12.7-gke.7",
              "1.12.6-gke.11",
              "1.12.6-gke.10",
              "1.12.6-gke.7",
              "1.12.5-gke.10",
              "1.12.5-gke.5",
              "1.11.10-gke.6",
              "1.11.10-gke.5"
            ],
            "version_prefix": null
          }
        }
      ]
    },
    {
      "module": "module.gke",
      "mode": "data",
      "type": "google_container_engine_versions",
      "name": "zone",
      "provider": "provider.google",
      "instances": [
        {
          "schema_version": 0,
          "attributes": {
            "default_cluster_version": "1.17.15-gke.800",
            "id": "2021-03-08 22:56:49.980820274 +0000 UTC",
            "latest_master_version": "1.18.16-gke.300",
            "latest_node_version": "1.18.16-gke.300",
            "location": "europe-north1-a",
            "project": "kefir-306607",
            "release_channel_default_version": {
              "RAPID": "1.19.7-gke.1500",
              "REGULAR": "1.18.12-gke.1210",
              "STABLE": "1.17.15-gke.800"
            },
            "valid_master_versions": [
              "1.18.16-gke.300",
              "1.18.15-gke.1500",
              "1.18.15-gke.1102",
              "1.18.15-gke.1100",
              "1.18.14-gke.1600",
              "1.18.14-gke.1200",
              "1.18.12-gke.1210",
              "1.17.17-gke.2800",
              "1.17.17-gke.1500",
              "1.17.17-gke.1101",
              "1.17.17-gke.1100",
              "1.17.17-gke.600",
              "1.17.16-gke.1600",
              "1.17.16-gke.1300",
              "1.17.15-gke.800",
              "1.16.15-gke.12500",
              "1.16.15-gke.11800",
              "1.16.15-gke.10600",
              "1.16.15-gke.7801",
              "1.16.15-gke.7800",
              "1.15.12-gke.6002"
            ],
            "valid_node_versions": [
              "1.18.16-gke.300",
              "1.18.15-gke.2500",
              "1.18.15-gke.1500",
              "1.18.15-gke.1102",
              "1.18.15-gke.1100",
              "1.18.15-gke.800",
              "1.18.14-gke.1600",
              "1.18.14-gke.1200",
              "1.18.12-gke.1210",
              "1.18.12-gke.1206",
              "1.18.12-gke.1205",
              "1.18.12-gke.1201",
              "1.18.12-gke.1200",
              "1.18.12-gke.300",
              "1.18.10-gke.2701",
              "1.18.10-gke.2101",
              "1.18.10-gke.1500",
              "1.18.10-gke.601",
              "1.18.9-gke.2501",
              "1.18.9-gke.1501",
              "1.18.9-gke.801",
              "1.18.6-gke.4801",
              "1.18.6-gke.3504",
              "1.18.6-gke.3503",
              "1.17.17-gke.2800",
              "1.17.17-gke.2500",
              "1.17.17-gke.1500",
              "1.17.17-gke.1101",
              "1.17.17-gke.1100",
              "1.17.17-gke.600",
              "1.17.16-gke.1600",
              "1.17.16-gke.1300",
              "1.17.15-gke.800",
              "1.17.15-gke.300",
              "1.17.14-gke.1600",
              "1.17.14-gke.1200",
              "1.17.14-gke.400",
              "1.17.13-gke.2600",
              "1.17.13-gke.2001",
              "1.17.13-gke.1401",
              "1.17.13-gke.1400",
              "1.17.13-gke.600",
              "1.17.12-gke.2502",
              "1.17.12-gke.1504",
              "1.17.12-gke.1501",
              "1.17.12-gke.500",
              "1.17.9-gke.6300",
              "1.17.9-gke.1504",
              "1.16.15-gke.12500",
              "1.16.15-gke.11800",
              "1.16.15-gke.10600",
              "1.16.15-gke.7801",
              "1.16.15-gke.7800",
              "1.16.15-gke.7300",
              "1.16.15-gke.6900",
              "1.16.15-gke.6000",
              "1.16.15-gke.5500",
              "1.16.15-gke.4901",
              "1.16.15-gke.4301",
              "1.16.15-gke.4300",
              "1.16.15-gke.3500",
              "1.16.15-gke.2601",
              "1.16.15-gke.1600",
              "1.16.15-gke.500",
              "1.16.13-gke.404",
              "1.16.13-gke.403",
              "1.16.13-gke.401",
              "1.16.13-gke.400",
              "1.16.13-gke.1",
              "1.16.11-gke.5",
              "1.16.10-gke.8",
              "1.16.9-gke.6",
              "1.16.9-gke.2",
              "1.16.8-gke.15",
              "1.16.8-gke.12",
              "1.16.8-gke.9",
              "1.15.12-gke.6002",
              "1.15.12-gke.6001",
              "1.15.12-gke.5000",
              "1.15.12-gke.4002",
              "1.15.12-gke.4000",
              "1.15.12-gke.20",
              "1.15.12-gke.17",
              "1.15.12-gke.16",
              "1.15.12-gke.13",
              "1.15.12-gke.9",
              "1.15.12-gke.6",
              "1.15.12-gke.3",
              "1.15.12-gke.2",
              "1.15.11-gke.17",
              "1.15.11-gke.15",
              "1.15.11-gke.13",
              "1.15.11-gke.12",
              "1.15.11-gke.11",
              "1.15.11-gke.9",
              "1.15.11-gke.5",
              "1.15.11-gke.3",
              "1.15.11-gke.1",
              "1.15.9-gke.26",
              "1.15.9-gke.24",
              "1.15.9-gke.22",
              "1.15.9-gke.12",
              "1.15.9-gke.9",
              "1.15.9-gke.8",
              "1.15.8-gke.3",
              "1.15.8-gke.2",
              "1.15.7-gke.23",
              "1.15.7-gke.2",
              "1.15.4-gke.22",
              "1.14.10-gke.1504",
              "1.14.10-gke.902",
              "1.14.10-gke.50",
              "1.14.10-gke.46",
              "1.14.10-gke.45",
              "1.14.10-gke.42",
              "1.14.10-gke.41",
              "1.14.10-gke.40",
              "1.14.10-gke.37",
              "1.14.10-gke.36",
              "1.14.10-gke.34",
              "1.14.10-gke.32",
              "1.14.10-gke.31",
              "1.14.10-gke.27",
              "1.14.10-gke.24",
              "1.14.10-gke.22",
              "1.14.10-gke.21",
              "1.14.10-gke.17",
              "1.14.10-gke.0",
              "1.14.9-gke.23",
              "1.14.9-gke.2",
              "1.14.9-gke.0",
              "1.14.8-gke.33",
              "1.14.8-gke.21",
              "1.14.8-gke.18",
              "1.14.8-gke.17",
              "1.14.8-gke.14",
              "1.14.8-gke.12",
              "1.14.8-gke.7",
              "1.14.8-gke.2",
              "1.14.7-gke.40",
              "1.14.7-gke.25",
              "1.14.7-gke.23",
              "1.14.7-gke.17",
              "1.14.7-gke.14",
              "1.14.7-gke.10",
              "1.14.6-gke.13",
              "1.14.6-gke.2",
              "1.14.6-gke.1",
              "1.14.3-gke.11",
              "1.14.3-gke.10",
              "1.14.3-gke.9",
              "1.14.2-gke.9",
              "1.14.1-gke.5",
              "1.13.12-gke.30",
              "1.13.12-gke.25",
              "1.13.12-gke.17",
              "1.13.12-gke.16",
              "1.13.12-gke.14",
              "1.13.12-gke.13",
              "1.13.12-gke.10",
              "1.13.12-gke.8",
              "1.13.12-gke.4",
              "1.13.12-gke.2",
              "1.13.11-gke.23",
              "1.13.11-gke.15",
              "1.13.11-gke.14",
              "1.13.11-gke.12",
              "1.13.11-gke.11",
              "1.13.11-gke.9",
              "1.13.11-gke.5",
              "1.13.10-gke.7",
              "1.13.10-gke.0",
              "1.13.9-gke.11",
              "1.13.9-gke.3",
              "1.13.7-gke.24",
              "1.13.7-gke.19",
              "1.13.7-gke.15",
              "1.13.7-gke.8",
              "1.13.7-gke.0",
              "1.13.6-gke.13",
              "1.13.6-gke.6",
              "1.13.6-gke.5",
              "1.13.6-gke.0",
              "1.13.5-gke.10",
              "1.12.10-gke.22",
              "1.12.10-gke.20",
              "1.12.10-gke.19",
              "1.12.10-gke.18",
              "1.12.10-gke.17",
              "1.12.10-gke.15",
              "1.12.10-gke.13",
              "1.12.10-gke.11",
              "1.12.10-gke.5",
              "1.12.9-gke.16",
              "1.12.9-gke.15",
              "1.12.9-gke.13",
              "1.12.9-gke.10",
              "1.12.9-gke.7",
              "1.12.9-gke.3",
              "1.12.8-gke.12",
              "1.12.8-gke.10",
              "1.12.8-gke.7",
              "1.12.8-gke.6",
              "1.12.7-gke.26",
              "1.12.7-gke.25",
              "1.12.7-gke.24",
              "1.12.7-gke.22",
              "1.12.7-gke.21",
              "1.12.7-gke.17",
              "1.12.7-gke.10",
              "1.12.7-gke.7",
              "1.12.6-gke.11",
              "1.12.6-gke.10",
              "1.12.6-gke.7",
              "1.12.5-gke.10",
              "1.12.5-gke.5",
              "1.11.10-gke.6",
              "1.11.10-gke.5"
            ],
            "version_prefix": null
          }
        }
      ]
    },
    {
      "module": "module.gke_auth",
      "mode": "data",
      "type": "template_file",
      "name": "kubeconfig",
      "provider": "provider.template",
      "instances": [
        {
          "schema_version": 0,
          "attributes": {
            "filename": null,
            "id": "497e03c069e20930980b11f02d257bbc4c6d13095e17a1c2dc79602bbfd6977d",
            "rendered": "apiVersion: v1\nclusters:\n- cluster:\n    certificate-authority-data: LS0tLS1CRUdJTiBDRVJUSUZJQ0FURS0tLS0tCk1JSURLakNDQWhLZ0F3SUJBZ0lRUGFqSVYwUHpqVHQ3UnFsbE9KcW9IREFOQmdrcWhraUc5dzBCQVFzRkFEQXYKTVMwd0t3WURWUVFERXlSa05qa3paVGRsTlMwelptVmxMVFJrT0RBdFlqTTJPUzFrWVRKaE5XUTJPV00zTURRdwpIaGNOTWpFd016QTRNakV3TkRJd1doY05Nall3TXpBM01qSXdOREl3V2pBdk1TMHdLd1lEVlFRREV5UmtOamt6ClpUZGxOUzB6Wm1WbExUUmtPREF0WWpNMk9TMWtZVEpoTldRMk9XTTNNRFF3Z2dFaU1BMEdDU3FHU0liM0RRRUIKQVFVQUE0SUJEd0F3Z2dFS0FvSUJBUURhck9pSFJDVWMzZnNZZFhWRWt5Z09ZallrUjJGbU1KTTVrL1R5SHY2cApUSklZMnNQUXQrVXZISnExdnFkSExCVGZlQTdSaGRkRlF6SDFaT2VUcXhray9BUEdrNnR5VE9PQXpWcnVtQUhiCnl0NGN1VVJFbUYwWWdIeWo4UWU5VHNIVG1PU1kxOTA4QzNJWGE4WC9XMC9tTlphNGRWNGErYXF6V1NzTXpONnYKMC9zTGIwT1AwMkVweElPZXNNTCtjOW9sd0hnTWxRNWxQU1VHdFdSZCtXdVB3RXBsVlRDZWZINkkzRlNBTkRnQQoxallXcDUwanRJT0VLbitxaU16Y2JOUllLTElnZlF1ekJHK2pxUmc2dFZ4aFVqVldzdzJhWnh5MmF4dlJraC85CmZhMVJKdlVQc0hUSXVkYXZJZ09DeTFDVFNscVU5Wis5blhzeENaeE1PMWxCQWdNQkFBR2pRakJBTUE0R0ExVWQKRHdFQi93UUVBd0lDQkRBUEJnTlZIUk1CQWY4RUJUQURBUUgvTUIwR0ExVWREZ1FXQkJRT0Q0Y1VEZ1BiYUhJWQpnNHZFd1dJWjJhWDJyVEFOQmdrcWhraUc5dzBCQVFzRkFBT0NBUUVBWEI0VFJqdmFtTVdyY1NYT3JDNDYzeGVqCndLOTlOUlV3MS9jTDBBbVpkcUZ2Q0R0ZmxTd0xNc1pCMTRwZVZYa0lra0pRbG9ETXM5NU1oVHVSNGVZVzE2TEIKcjk2Y3VuWEdRbzFraGZtS1p1RXgvTzZvK1QxbWppWW5uN3JJZTFYOHFhajFGUXRWeFFDNzZLV242d1krZER0NwpqMzJIV01JSlkwV1lIa1QzNjdjd3lmS2s3N2FXay8yN09jWjZ0S2ZKVUs5K1pLTVZRd2pRK3pYa05PR1gzTVhHClZ3b2xmVE8vbHl1c1JPWGZOQldxSnd3Qm8rQVorRTc4d3dTdUpQdHdMTmRKdnNqWHlvSm9ONWQxVldBQzBzZVAKYVBiSWFuQ1lOeGZoYjJ3NkdMb3ZwNnplL1pFZmVkTlRnRWx2U3NXUVQ4UHdpSzJyTzFvOER2NUdlMnFnR3c9PQotLS0tLUVORCBDRVJUSUZJQ0FURS0tLS0tCg==\n    server: https://35.228.30.211\n  name: kefir-k8s-cluster-dev\ncontexts:\n- context:\n    cluster: kefir-k8s-cluster-dev\n    user: kefir-k8s-cluster-dev\n  name: kefir-k8s-cluster-dev\ncurrent-context: kefir-k8s-cluster-dev\nkind: Config\npreferences: {}\nusers:\n- name: kefir-k8s-cluster-dev\n  user:\n    token: ya29.a0AfH6SMCO02nJSVBLxDkYqtdiz3hz3-AJ2-Y-UkuTe-bDFbVmdhs6qf36SZM8jKWEhBURFfutyHyWqAkliEjtACKLFLO0U7gPk0M0Jf0kSeU752LuAs0EDRr8R4IByUYYlndgCy_LkIRYkniNEan3n2VqpraLO9JxmLSF7kz13qNz0fKD_qqRkGyb1waC8PWApacgYcq9SspX3yeXRbCyVSwkGU-YGkpmg5KmBz1fiH4X_o9Ci159imldjVW0A4p_S5bTDMc\n",
            "template": "apiVersion: v1\nclusters:\n- cluster:\n    certificate-authority-data: ${cluster_ca_certificate}\n    server: https://${endpoint}\n  name: ${context}\ncontexts:\n- context:\n    cluster: ${context}\n    user: ${context}\n  name: ${context}\ncurrent-context: ${context}\nkind: Config\npreferences: {}\nusers:\n- name: ${context}\n  user:\n    token: ${token}\n",
            "vars": {
              "cluster_ca_certificate": "LS0tLS1CRUdJTiBDRVJUSUZJQ0FURS0tLS0tCk1JSURLakNDQWhLZ0F3SUJBZ0lRUGFqSVYwUHpqVHQ3UnFsbE9KcW9IREFOQmdrcWhraUc5dzBCQVFzRkFEQXYKTVMwd0t3WURWUVFERXlSa05qa3paVGRsTlMwelptVmxMVFJrT0RBdFlqTTJPUzFrWVRKaE5XUTJPV00zTURRdwpIaGNOTWpFd016QTRNakV3TkRJd1doY05Nall3TXpBM01qSXdOREl3V2pBdk1TMHdLd1lEVlFRREV5UmtOamt6ClpUZGxOUzB6Wm1WbExUUmtPREF0WWpNMk9TMWtZVEpoTldRMk9XTTNNRFF3Z2dFaU1BMEdDU3FHU0liM0RRRUIKQVFVQUE0SUJEd0F3Z2dFS0FvSUJBUURhck9pSFJDVWMzZnNZZFhWRWt5Z09ZallrUjJGbU1KTTVrL1R5SHY2cApUSklZMnNQUXQrVXZISnExdnFkSExCVGZlQTdSaGRkRlF6SDFaT2VUcXhray9BUEdrNnR5VE9PQXpWcnVtQUhiCnl0NGN1VVJFbUYwWWdIeWo4UWU5VHNIVG1PU1kxOTA4QzNJWGE4WC9XMC9tTlphNGRWNGErYXF6V1NzTXpONnYKMC9zTGIwT1AwMkVweElPZXNNTCtjOW9sd0hnTWxRNWxQU1VHdFdSZCtXdVB3RXBsVlRDZWZINkkzRlNBTkRnQQoxallXcDUwanRJT0VLbitxaU16Y2JOUllLTElnZlF1ekJHK2pxUmc2dFZ4aFVqVldzdzJhWnh5MmF4dlJraC85CmZhMVJKdlVQc0hUSXVkYXZJZ09DeTFDVFNscVU5Wis5blhzeENaeE1PMWxCQWdNQkFBR2pRakJBTUE0R0ExVWQKRHdFQi93UUVBd0lDQkRBUEJnTlZIUk1CQWY4RUJUQURBUUgvTUIwR0ExVWREZ1FXQkJRT0Q0Y1VEZ1BiYUhJWQpnNHZFd1dJWjJhWDJyVEFOQmdrcWhraUc5dzBCQVFzRkFBT0NBUUVBWEI0VFJqdmFtTVdyY1NYT3JDNDYzeGVqCndLOTlOUlV3MS9jTDBBbVpkcUZ2Q0R0ZmxTd0xNc1pCMTRwZVZYa0lra0pRbG9ETXM5NU1oVHVSNGVZVzE2TEIKcjk2Y3VuWEdRbzFraGZtS1p1RXgvTzZvK1QxbWppWW5uN3JJZTFYOHFhajFGUXRWeFFDNzZLV242d1krZER0NwpqMzJIV01JSlkwV1lIa1QzNjdjd3lmS2s3N2FXay8yN09jWjZ0S2ZKVUs5K1pLTVZRd2pRK3pYa05PR1gzTVhHClZ3b2xmVE8vbHl1c1JPWGZOQldxSnd3Qm8rQVorRTc4d3dTdUpQdHdMTmRKdnNqWHlvSm9ONWQxVldBQzBzZVAKYVBiSWFuQ1lOeGZoYjJ3NkdMb3ZwNnplL1pFZmVkTlRnRWx2U3NXUVQ4UHdpSzJyTzFvOER2NUdlMnFnR3c9PQotLS0tLUVORCBDRVJUSUZJQ0FURS0tLS0tCg==",
              "context": "kefir-k8s-cluster-dev",
              "endpoint": "35.228.30.211",
              "token": "ya29.a0AfH6SMCO02nJSVBLxDkYqtdiz3hz3-AJ2-Y-UkuTe-bDFbVmdhs6qf36SZM8jKWEhBURFfutyHyWqAkliEjtACKLFLO0U7gPk0M0Jf0kSeU752LuAs0EDRr8R4IByUYYlndgCy_LkIRYkniNEan3n2VqpraLO9JxmLSF7kz13qNz0fKD_qqRkGyb1waC8PWApacgYcq9SspX3yeXRbCyVSwkGU-YGkpmg5KmBz1fiH4X_o9Ci159imldjVW0A4p_S5bTDMc"
            }
          }
        }
      ]
    },
    {
      "module": "module.gke",
      "mode": "managed",
      "type": "google_compute_firewall",
      "name": "intra_egress",
      "each": "list",
      "provider": "provider.google",
      "instances": []
    },
    {
      "module": "module.gke",
      "mode": "managed",
      "type": "google_compute_firewall",
      "name": "master_webhooks",
      "each": "list",
      "provider": "provider.google",
      "instances": []
    },
    {
      "module": "module.gcp-network.module.vpc",
      "mode": "managed",
      "type": "google_compute_network",
      "name": "network",
      "provider": "provider.google",
      "instances": [
        {
          "schema_version": 0,
          "attributes": {
            "auto_create_subnetworks": false,
            "delete_default_routes_on_create": false,
            "description": "",
            "gateway_ipv4": "",
            "id": "projects/kefir-306607/global/networks/gke-network-dev",
            "name": "gke-network-dev",
            "project": "kefir-306607",
            "routing_mode": "GLOBAL",
            "self_link": "https://www.googleapis.com/compute/v1/projects/kefir-306607/global/networks/gke-network-dev",
            "timeouts": null
          },
          "private": "eyJlMmJmYjczMC1lY2FhLTExZTYtOGY4OC0zNDM2M2JjN2M0YzAiOnsiY3JlYXRlIjoyNDAwMDAwMDAwMDAsImRlbGV0ZSI6MjQwMDAwMDAwMDAwLCJ1cGRhdGUiOjI0MDAwMDAwMDAwMH19"
        }
      ]
    },
    {
      "module": "module.gcp-network.module.routes",
      "mode": "managed",
      "type": "google_compute_route",
      "name": "route",
      "each": "map",
      "provider": "provider.google",
      "instances": []
    },
    {
      "module": "module.gcp-network.module.vpc",
      "mode": "managed",
      "type": "google_compute_shared_vpc_host_project",
      "name": "shared_vpc_host",
      "each": "list",
      "provider": "provider.google",
      "instances": []
    },
    {
      "module": "module.gcp-network.module.subnets",
      "mode": "managed",
      "type": "google_compute_subnetwork",
      "name": "subnetwork",
      "each": "map",
      "provider": "provider.google",
      "instances": [
        {
          "index_key": "europe-north1/gke-subnet-dev",
          "schema_version": 0,
          "attributes": {
            "creation_timestamp": "2021-03-08T13:58:41.335-08:00",
            "description": "",
            "fingerprint": null,
            "gateway_address": "10.10.0.1",
            "id": "projects/kefir-306607/regions/europe-north1/subnetworks/gke-subnet-dev",
            "ip_cidr_range": "10.10.0.0/16",
            "log_config": [],
            "name": "gke-subnet-dev",
            "network": "https://www.googleapis.com/compute/v1/projects/kefir-306607/global/networks/gke-network-dev",
            "private_ip_google_access": false,
            "project": "kefir-306607",
            "region": "europe-north1",
            "secondary_ip_range": [
              {
                "ip_cidr_range": "10.20.0.0/16",
                "range_name": "ip-range-pods"
              },
              {
                "ip_cidr_range": "10.30.0.0/16",
                "range_name": "ip-range-services"
              }
            ],
            "self_link": "https://www.googleapis.com/compute/v1/projects/kefir-306607/regions/europe-north1/subnetworks/gke-subnet-dev",
            "timeouts": null
          },
          "private": "eyJlMmJmYjczMC1lY2FhLTExZTYtOGY4OC0zNDM2M2JjN2M0YzAiOnsiY3JlYXRlIjozNjAwMDAwMDAwMDAsImRlbGV0ZSI6MzYwMDAwMDAwMDAwLCJ1cGRhdGUiOjM2MDAwMDAwMDAwMH19",
          "dependencies": [
            "module.gcp-network.module.vpc.google_compute_network.network"
          ]
        }
      ]
    },
    {
      "module": "module.gke",
      "mode": "managed",
      "type": "google_container_cluster",
      "name": "primary",
      "provider": "provider.google",
      "instances": [
        {
          "schema_version": 1,
          "attributes": {
            "addons_config": [
              {
                "cloudrun_config": [],
                "horizontal_pod_autoscaling": [
                  {
                    "disabled": false
                  }
                ],
                "http_load_balancing": [
                  {
                    "disabled": false
                  }
                ],
                "network_policy_config": [
                  {
                    "disabled": false
                  }
                ]
              }
            ],
            "authenticator_groups_config": [],
            "cluster_autoscaling": [
              {
                "auto_provisioning_defaults": [],
                "enabled": false,
                "resource_limits": []
              }
            ],
            "cluster_ipv4_cidr": "10.20.0.0/16",
            "database_encryption": [
              {
                "key_name": "",
                "state": "DECRYPTED"
              }
            ],
            "default_max_pods_per_node": 110,
            "description": "",
            "enable_binary_authorization": false,
            "enable_intranode_visibility": null,
            "enable_kubernetes_alpha": false,
            "enable_legacy_abac": false,
            "enable_shielded_nodes": false,
            "enable_tpu": null,
            "endpoint": "35.228.30.211",
            "id": "projects/kefir-306607/locations/europe-north1/clusters/kefir-k8s-cluster-dev",
            "initial_node_count": 0,
            "instance_group_urls": [
              "https://www.googleapis.com/compute/v1/projects/kefir-306607/zones/europe-north1-a/instanceGroups/gke-kefir-k8s-cluster-de-default-pool-9c05b895-grp",
              "https://www.googleapis.com/compute/v1/projects/kefir-306607/zones/europe-north1-b/instanceGroups/gke-kefir-k8s-cluster-de-default-pool-a77c2eef-grp",
              "https://www.googleapis.com/compute/v1/projects/kefir-306607/zones/europe-north1-c/instanceGroups/gke-kefir-k8s-cluster-de-default-pool-8a34c6e1-grp",
              "https://www.googleapis.com/compute/v1/projects/kefir-306607/zones/europe-north1-a/instanceGroups/gke-kefir-k8s-cluster-dev-node-pool-6e685502-grp",
              "https://www.googleapis.com/compute/v1/projects/kefir-306607/zones/europe-north1-b/instanceGroups/gke-kefir-k8s-cluster-dev-node-pool-7e835a9c-grp",
              "https://www.googleapis.com/compute/v1/projects/kefir-306607/zones/europe-north1-c/instanceGroups/gke-kefir-k8s-cluster-dev-node-pool-d631ba8f-grp"
            ],
            "ip_allocation_policy": [
              {
                "cluster_ipv4_cidr_block": "10.20.0.0/16",
                "cluster_secondary_range_name": "ip-range-pods",
                "services_ipv4_cidr_block": "10.30.0.0/16",
                "services_secondary_range_name": "ip-range-services"
              }
            ],
            "label_fingerprint": "a9dc16a7",
            "location": "europe-north1",
            "logging_service": "logging.googleapis.com/kubernetes",
            "maintenance_policy": [
              {
                "daily_maintenance_window": [
                  {
                    "duration": "PT4H0M0S",
                    "start_time": "05:00"
                  }
                ],
                "recurring_window": []
              }
            ],
            "master_auth": [
              {
                "client_certificate": "",
                "client_certificate_config": [
                  {
                    "issue_client_certificate": false
                  }
                ],
                "client_key": "",
                "cluster_ca_certificate": "LS0tLS1CRUdJTiBDRVJUSUZJQ0FURS0tLS0tCk1JSURLakNDQWhLZ0F3SUJBZ0lRUGFqSVYwUHpqVHQ3UnFsbE9KcW9IREFOQmdrcWhraUc5dzBCQVFzRkFEQXYKTVMwd0t3WURWUVFERXlSa05qa3paVGRsTlMwelptVmxMVFJrT0RBdFlqTTJPUzFrWVRKaE5XUTJPV00zTURRdwpIaGNOTWpFd016QTRNakV3TkRJd1doY05Nall3TXpBM01qSXdOREl3V2pBdk1TMHdLd1lEVlFRREV5UmtOamt6ClpUZGxOUzB6Wm1WbExUUmtPREF0WWpNMk9TMWtZVEpoTldRMk9XTTNNRFF3Z2dFaU1BMEdDU3FHU0liM0RRRUIKQVFVQUE0SUJEd0F3Z2dFS0FvSUJBUURhck9pSFJDVWMzZnNZZFhWRWt5Z09ZallrUjJGbU1KTTVrL1R5SHY2cApUSklZMnNQUXQrVXZISnExdnFkSExCVGZlQTdSaGRkRlF6SDFaT2VUcXhray9BUEdrNnR5VE9PQXpWcnVtQUhiCnl0NGN1VVJFbUYwWWdIeWo4UWU5VHNIVG1PU1kxOTA4QzNJWGE4WC9XMC9tTlphNGRWNGErYXF6V1NzTXpONnYKMC9zTGIwT1AwMkVweElPZXNNTCtjOW9sd0hnTWxRNWxQU1VHdFdSZCtXdVB3RXBsVlRDZWZINkkzRlNBTkRnQQoxallXcDUwanRJT0VLbitxaU16Y2JOUllLTElnZlF1ekJHK2pxUmc2dFZ4aFVqVldzdzJhWnh5MmF4dlJraC85CmZhMVJKdlVQc0hUSXVkYXZJZ09DeTFDVFNscVU5Wis5blhzeENaeE1PMWxCQWdNQkFBR2pRakJBTUE0R0ExVWQKRHdFQi93UUVBd0lDQkRBUEJnTlZIUk1CQWY4RUJUQURBUUgvTUIwR0ExVWREZ1FXQkJRT0Q0Y1VEZ1BiYUhJWQpnNHZFd1dJWjJhWDJyVEFOQmdrcWhraUc5dzBCQVFzRkFBT0NBUUVBWEI0VFJqdmFtTVdyY1NYT3JDNDYzeGVqCndLOTlOUlV3MS9jTDBBbVpkcUZ2Q0R0ZmxTd0xNc1pCMTRwZVZYa0lra0pRbG9ETXM5NU1oVHVSNGVZVzE2TEIKcjk2Y3VuWEdRbzFraGZtS1p1RXgvTzZvK1QxbWppWW5uN3JJZTFYOHFhajFGUXRWeFFDNzZLV242d1krZER0NwpqMzJIV01JSlkwV1lIa1QzNjdjd3lmS2s3N2FXay8yN09jWjZ0S2ZKVUs5K1pLTVZRd2pRK3pYa05PR1gzTVhHClZ3b2xmVE8vbHl1c1JPWGZOQldxSnd3Qm8rQVorRTc4d3dTdUpQdHdMTmRKdnNqWHlvSm9ONWQxVldBQzBzZVAKYVBiSWFuQ1lOeGZoYjJ3NkdMb3ZwNnplL1pFZmVkTlRnRWx2U3NXUVQ4UHdpSzJyTzFvOER2NUdlMnFnR3c9PQotLS0tLUVORCBDRVJUSUZJQ0FURS0tLS0tCg==",
                "password": "",
                "username": ""
              }
            ],
            "master_authorized_networks_config": [],
            "master_version": "1.18.16-gke.500",
            "min_master_version": "1.18.16-gke.500",
            "monitoring_service": "monitoring.googleapis.com/kubernetes",
            "name": "kefir-k8s-cluster-dev",
            "network": "projects/kefir-306607/global/networks/gke-network-dev",
            "network_policy": [
              {
                "enabled": true,
                "provider": "CALICO"
              }
            ],
            "node_config": [
              {
                "disk_size_gb": 100,
                "disk_type": "pd-standard",
                "guest_accelerator": [],
                "image_type": "COS",
                "labels": {},
                "local_ssd_count": 0,
                "machine_type": "e2-medium",
                "metadata": {
                  "disable-legacy-endpoints": "true"
                },
                "min_cpu_platform": "",
                "oauth_scopes": [
                  "https://www.googleapis.com/auth/logging.write",
                  "https://www.googleapis.com/auth/monitoring"
                ],
                "preemptible": false,
                "service_account": "tf-gke-kefir-k8s-clust-33bd@kefir-306607.iam.gserviceaccount.com",
                "shielded_instance_config": [
                  {
                    "enable_integrity_monitoring": true,
                    "enable_secure_boot": false
                  }
                ],
                "tags": [],
                "taint": [],
                "workload_metadata_config": []
              }
            ],
            "node_locations": [
              "europe-north1-a",
              "europe-north1-b",
              "europe-north1-c"
            ],
            "node_pool": [
              {
                "autoscaling": [],
                "initial_node_count": 0,
                "instance_group_urls": [
                  "https://www.googleapis.com/compute/v1/projects/kefir-306607/zones/europe-north1-a/instanceGroupManagers/gke-kefir-k8s-cluster-de-default-pool-9c05b895-grp",
                  "https://www.googleapis.com/compute/v1/projects/kefir-306607/zones/europe-north1-b/instanceGroupManagers/gke-kefir-k8s-cluster-de-default-pool-a77c2eef-grp",
                  "https://www.googleapis.com/compute/v1/projects/kefir-306607/zones/europe-north1-c/instanceGroupManagers/gke-kefir-k8s-cluster-de-default-pool-8a34c6e1-grp"
                ],
                "management": [
                  {
                    "auto_repair": true,
                    "auto_upgrade": true
                  }
                ],
                "max_pods_per_node": 110,
                "name": "default-pool",
                "name_prefix": "",
                "node_config": [
                  {
                    "disk_size_gb": 100,
                    "disk_type": "pd-standard",
                    "guest_accelerator": [],
                    "image_type": "COS",
                    "labels": {},
                    "local_ssd_count": 0,
                    "machine_type": "e2-medium",
                    "metadata": {
                      "disable-legacy-endpoints": "true"
                    },
                    "min_cpu_platform": "",
                    "oauth_scopes": [
                      "https://www.googleapis.com/auth/logging.write",
                      "https://www.googleapis.com/auth/monitoring"
                    ],
                    "preemptible": false,
                    "service_account": "tf-gke-kefir-k8s-clust-33bd@kefir-306607.iam.gserviceaccount.com",
                    "shielded_instance_config": [
                      {
                        "enable_integrity_monitoring": true,
                        "enable_secure_boot": false
                      }
                    ],
                    "tags": [],
                    "taint": [],
                    "workload_metadata_config": []
                  }
                ],
                "node_count": 0,
                "node_locations": [
                  "europe-north1-a",
                  "europe-north1-b",
                  "europe-north1-c"
                ],
                "upgrade_settings": [
                  {
                    "max_surge": 1,
                    "max_unavailable": 0
                  }
                ],
                "version": "1.18.16-gke.500"
              },
              {
                "autoscaling": [
                  {
                    "max_node_count": 2,
                    "min_node_count": 1
                  }
                ],
                "initial_node_count": 1,
                "instance_group_urls": [
                  "https://www.googleapis.com/compute/v1/projects/kefir-306607/zones/europe-north1-a/instanceGroupManagers/gke-kefir-k8s-cluster-dev-node-pool-6e685502-grp",
                  "https://www.googleapis.com/compute/v1/projects/kefir-306607/zones/europe-north1-b/instanceGroupManagers/gke-kefir-k8s-cluster-dev-node-pool-7e835a9c-grp",
                  "https://www.googleapis.com/compute/v1/projects/kefir-306607/zones/europe-north1-c/instanceGroupManagers/gke-kefir-k8s-cluster-dev-node-pool-d631ba8f-grp"
                ],
                "management": [
                  {
                    "auto_repair": true,
                    "auto_upgrade": true
                  }
                ],
                "max_pods_per_node": 110,
                "name": "node-pool",
                "name_prefix": "",
                "node_config": [
                  {
                    "disk_size_gb": 30,
                    "disk_type": "pd-standard",
                    "guest_accelerator": [],
                    "image_type": "COS",
                    "labels": {
                      "cluster_name": "kefir-k8s-cluster-dev",
                      "node_pool": "node-pool"
                    },
                    "local_ssd_count": 0,
                    "machine_type": "e2-medium",
                    "metadata": {
                      "cluster_name": "kefir-k8s-cluster-dev",
                      "disable-legacy-endpoints": "true",
                      "node_pool": "node-pool"
                    },
                    "min_cpu_platform": "",
                    "oauth_scopes": [
                      "https://www.googleapis.com/auth/cloud-platform"
                    ],
                    "preemptible": false,
                    "service_account": "tf-gke-kefir-k8s-clust-33bd@kefir-306607.iam.gserviceaccount.com",
                    "shielded_instance_config": [
                      {
                        "enable_integrity_monitoring": true,
                        "enable_secure_boot": false
                      }
                    ],
                    "tags": [
                      "gke-kefir-k8s-cluster-dev",
                      "gke-kefir-k8s-cluster-dev-node-pool"
                    ],
                    "taint": [],
                    "workload_metadata_config": []
                  }
                ],
                "node_count": 1,
                "node_locations": [
                  "europe-north1-a",
                  "europe-north1-b",
                  "europe-north1-c"
                ],
                "upgrade_settings": [
                  {
                    "max_surge": 1,
                    "max_unavailable": 0
                  }
                ],
                "version": "1.18.16-gke.500"
              }
            ],
            "node_version": "1.18.16-gke.500",
            "operation": null,
            "pod_security_policy_config": [],
            "private_cluster_config": [],
            "project": "kefir-306607",
            "release_channel": [
              {
                "channel": "UNSPECIFIED"
              }
            ],
            "remove_default_node_pool": false,
            "resource_labels": {},
            "resource_usage_export_config": [],
            "self_link": "https://container.googleapis.com/v1beta1/projects/kefir-306607/locations/europe-north1/clusters/kefir-k8s-cluster-dev",
            "services_ipv4_cidr": "10.30.0.0/16",
            "subnetwork": "projects/kefir-306607/regions/europe-north1/subnetworks/gke-subnet-dev",
            "timeouts": {
              "create": "45m",
              "delete": "45m",
              "read": null,
              "update": "45m"
            },
            "vertical_pod_autoscaling": [],
            "workload_identity_config": []
          },
          "private": "eyJlMmJmYjczMC1lY2FhLTExZTYtOGY4OC0zNDM2M2JjN2M0YzAiOnsiY3JlYXRlIjoyNzAwMDAwMDAwMDAwLCJkZWxldGUiOjI3MDAwMDAwMDAwMDAsInJlYWQiOjI0MDAwMDAwMDAwMDAsInVwZGF0ZSI6MjcwMDAwMDAwMDAwMH0sInNjaGVtYV92ZXJzaW9uIjoiMSJ9",
          "dependencies": [
            "module.gcp-network.module.subnets.google_compute_subnetwork.subnetwork",
            "module.gcp-network.module.vpc.google_compute_network.network",
            "module.gke.google_service_account.cluster_service_account",
            "module.gke.random_shuffle.available_zones"
          ]
        }
      ]
    },
    {
      "module": "module.gke",
      "mode": "managed",
      "type": "google_container_node_pool",
      "name": "pools",
      "each": "map",
      "provider": "provider.google",
      "instances": [
        {
          "index_key": "node-pool",
          "schema_version": 1,
          "attributes": {
            "autoscaling": [
              {
                "max_node_count": 2,
                "min_node_count": 1
              }
            ],
            "cluster": "kefir-k8s-cluster-dev",
            "id": "projects/kefir-306607/locations/europe-north1/clusters/kefir-k8s-cluster-dev/nodePools/node-pool",
            "initial_node_count": 1,
            "instance_group_urls": [
              "https://www.googleapis.com/compute/v1/projects/kefir-306607/zones/europe-north1-a/instanceGroupManagers/gke-kefir-k8s-cluster-dev-node-pool-6e685502-grp",
              "https://www.googleapis.com/compute/v1/projects/kefir-306607/zones/europe-north1-b/instanceGroupManagers/gke-kefir-k8s-cluster-dev-node-pool-7e835a9c-grp",
              "https://www.googleapis.com/compute/v1/projects/kefir-306607/zones/europe-north1-c/instanceGroupManagers/gke-kefir-k8s-cluster-dev-node-pool-d631ba8f-grp"
            ],
            "location": "europe-north1",
            "management": [
              {
                "auto_repair": true,
                "auto_upgrade": true
              }
            ],
            "max_pods_per_node": 110,
            "name": "node-pool",
            "name_prefix": "",
            "node_config": [
              {
                "disk_size_gb": 30,
                "disk_type": "pd-standard",
                "guest_accelerator": [],
                "image_type": "COS",
                "labels": {
                  "cluster_name": "kefir-k8s-cluster-dev",
                  "node_pool": "node-pool"
                },
                "local_ssd_count": 0,
                "machine_type": "e2-medium",
                "metadata": {
                  "cluster_name": "kefir-k8s-cluster-dev",
                  "disable-legacy-endpoints": "true",
                  "node_pool": "node-pool"
                },
                "min_cpu_platform": "",
                "oauth_scopes": [
                  "https://www.googleapis.com/auth/cloud-platform"
                ],
                "preemptible": false,
                "service_account": "tf-gke-kefir-k8s-clust-33bd@kefir-306607.iam.gserviceaccount.com",
                "shielded_instance_config": [
                  {
                    "enable_integrity_monitoring": true,
                    "enable_secure_boot": false
                  }
                ],
                "tags": [
                  "gke-kefir-k8s-cluster-dev",
                  "gke-kefir-k8s-cluster-dev-node-pool"
                ],
                "taint": [],
                "workload_metadata_config": []
              }
            ],
            "node_count": 1,
            "node_locations": [
              "europe-north1-a",
              "europe-north1-b",
              "europe-north1-c"
            ],
            "project": "kefir-306607",
            "timeouts": {
              "create": "45m",
              "delete": "45m",
              "update": "45m"
            },
            "upgrade_settings": [
              {
                "max_surge": 1,
                "max_unavailable": 0
              }
            ],
            "version": "1.18.16-gke.500"
          },
          "private": "eyJlMmJmYjczMC1lY2FhLTExZTYtOGY4OC0zNDM2M2JjN2M0YzAiOnsiY3JlYXRlIjoyNzAwMDAwMDAwMDAwLCJkZWxldGUiOjI3MDAwMDAwMDAwMDAsInVwZGF0ZSI6MjcwMDAwMDAwMDAwMH0sInNjaGVtYV92ZXJzaW9uIjoiMSJ9",
          "dependencies": [
            "module.gcp-network.module.subnets.google_compute_subnetwork.subnetwork",
            "module.gcp-network.module.vpc.google_compute_network.network",
            "module.gke.google_container_cluster.primary",
            "module.gke.google_service_account.cluster_service_account",
            "module.gke.random_shuffle.available_zones"
          ]
        }
      ]
    },
    {
      "module": "module.gke",
      "mode": "managed",
      "type": "google_project_iam_member",
      "name": "cluster_service_account-gcr",
      "each": "list",
      "provider": "provider.google",
      "instances": []
    },
    {
      "module": "module.gke",
      "mode": "managed",
      "type": "google_project_iam_member",
      "name": "cluster_service_account-log_writer",
      "each": "list",
      "provider": "provider.google",
      "instances": [
        {
          "index_key": 0,
          "schema_version": 0,
          "attributes": {
            "condition": [],
            "etag": "BwW9DZyDwOI=",
            "id": "kefir-306607/roles/logging.logWriter/serviceaccount:tf-gke-kefir-k8s-clust-33bd@kefir-306607.iam.gserviceaccount.com",
            "member": "serviceAccount:tf-gke-kefir-k8s-clust-33bd@kefir-306607.iam.gserviceaccount.com",
            "project": "kefir-306607",
            "role": "roles/logging.logWriter"
          },
          "private": "bnVsbA==",
          "dependencies": [
            "module.gke.google_service_account.cluster_service_account",
            "module.gke.random_string.cluster_service_account_suffix"
          ]
        }
      ]
    },
    {
      "module": "module.gke",
      "mode": "managed",
      "type": "google_project_iam_member",
      "name": "cluster_service_account-metric_writer",
      "each": "list",
      "provider": "provider.google",
      "instances": [
        {
          "index_key": 0,
          "schema_version": 0,
          "attributes": {
            "condition": [],
            "etag": "BwW9DZyDwOI=",
            "id": "kefir-306607/roles/monitoring.metricWriter/serviceaccount:tf-gke-kefir-k8s-clust-33bd@kefir-306607.iam.gserviceaccount.com",
            "member": "serviceAccount:tf-gke-kefir-k8s-clust-33bd@kefir-306607.iam.gserviceaccount.com",
            "project": "kefir-306607",
            "role": "roles/monitoring.metricWriter"
          },
          "private": "bnVsbA==",
          "dependencies": [
            "module.gke.google_project_iam_member.cluster_service_account-log_writer",
            "module.gke.google_service_account.cluster_service_account",
            "module.gke.random_string.cluster_service_account_suffix"
          ]
        }
      ]
    },
    {
      "module": "module.gke",
      "mode": "managed",
      "type": "google_project_iam_member",
      "name": "cluster_service_account-monitoring_viewer",
      "each": "list",
      "provider": "provider.google",
      "instances": [
        {
          "index_key": 0,
          "schema_version": 0,
          "attributes": {
            "condition": [],
            "etag": "BwW9DZyDwOI=",
            "id": "kefir-306607/roles/monitoring.viewer/serviceaccount:tf-gke-kefir-k8s-clust-33bd@kefir-306607.iam.gserviceaccount.com",
            "member": "serviceAccount:tf-gke-kefir-k8s-clust-33bd@kefir-306607.iam.gserviceaccount.com",
            "project": "kefir-306607",
            "role": "roles/monitoring.viewer"
          },
          "private": "bnVsbA==",
          "dependencies": [
            "module.gke.google_project_iam_member.cluster_service_account-log_writer",
            "module.gke.google_project_iam_member.cluster_service_account-metric_writer",
            "module.gke.google_service_account.cluster_service_account",
            "module.gke.random_string.cluster_service_account_suffix"
          ]
        }
      ]
    },
    {
      "module": "module.gke",
      "mode": "managed",
      "type": "google_project_iam_member",
      "name": "cluster_service_account-resourceMetadata-writer",
      "each": "list",
      "provider": "provider.google",
      "instances": [
        {
          "index_key": 0,
          "schema_version": 0,
          "attributes": {
            "condition": [],
            "etag": "BwW9DZyDwOI=",
            "id": "kefir-306607/roles/stackdriver.resourceMetadata.writer/serviceaccount:tf-gke-kefir-k8s-clust-33bd@kefir-306607.iam.gserviceaccount.com",
            "member": "serviceAccount:tf-gke-kefir-k8s-clust-33bd@kefir-306607.iam.gserviceaccount.com",
            "project": "kefir-306607",
            "role": "roles/stackdriver.resourceMetadata.writer"
          },
          "private": "bnVsbA==",
          "dependencies": [
            "module.gke.google_project_iam_member.cluster_service_account-log_writer",
            "module.gke.google_project_iam_member.cluster_service_account-metric_writer",
            "module.gke.google_project_iam_member.cluster_service_account-monitoring_viewer",
            "module.gke.google_service_account.cluster_service_account",
            "module.gke.random_string.cluster_service_account_suffix"
          ]
        }
      ]
    },
    {
      "module": "module.gke",
      "mode": "managed",
      "type": "google_service_account",
      "name": "cluster_service_account",
      "each": "list",
      "provider": "provider.google",
      "instances": [
        {
          "index_key": 0,
          "schema_version": 0,
          "attributes": {
            "account_id": "tf-gke-kefir-k8s-clust-33bd",
            "description": "",
            "display_name": "Terraform-managed service account for cluster kefir-k8s-cluster-dev",
            "email": "tf-gke-kefir-k8s-clust-33bd@kefir-306607.iam.gserviceaccount.com",
            "id": "projects/kefir-306607/serviceAccounts/tf-gke-kefir-k8s-clust-33bd@kefir-306607.iam.gserviceaccount.com",
            "name": "projects/kefir-306607/serviceAccounts/tf-gke-kefir-k8s-clust-33bd@kefir-306607.iam.gserviceaccount.com",
            "project": "kefir-306607",
            "timeouts": null,
            "unique_id": "114067491634414466275"
          },
          "private": "eyJlMmJmYjczMC1lY2FhLTExZTYtOGY4OC0zNDM2M2JjN2M0YzAiOnsiY3JlYXRlIjozMDAwMDAwMDAwMDB9fQ==",
          "dependencies": [
            "module.gke.random_string.cluster_service_account_suffix"
          ]
        }
      ]
    },
    {
      "module": "module.gke",
      "mode": "managed",
      "type": "kubernetes_config_map",
      "name": "ip-masq-agent",
      "each": "list",
      "provider": "module.gke.provider.kubernetes",
      "instances": []
    },
    {
      "module": "module.gke",
      "mode": "managed",
      "type": "kubernetes_config_map",
      "name": "kube-dns",
      "each": "list",
      "provider": "module.gke.provider.kubernetes",
      "instances": []
    },
    {
      "module": "module.gke",
      "mode": "managed",
      "type": "kubernetes_config_map",
      "name": "kube-dns-upstream-nameservers-and-stub-domains",
      "each": "list",
      "provider": "module.gke.provider.kubernetes",
      "instances": []
    },
    {
      "module": "module.gke",
      "mode": "managed",
      "type": "kubernetes_config_map",
      "name": "kube-dns-upstream-namservers",
      "each": "list",
      "provider": "module.gke.provider.kubernetes",
      "instances": []
    },
    {
      "mode": "managed",
      "type": "local_file",
      "name": "kubeconfig",
      "provider": "provider.local",
      "instances": [
        {
          "schema_version": 0,
          "attributes": {
            "content": "apiVersion: v1\nclusters:\n- cluster:\n    certificate-authority-data: LS0tLS1CRUdJTiBDRVJUSUZJQ0FURS0tLS0tCk1JSURLakNDQWhLZ0F3SUJBZ0lRUGFqSVYwUHpqVHQ3UnFsbE9KcW9IREFOQmdrcWhraUc5dzBCQVFzRkFEQXYKTVMwd0t3WURWUVFERXlSa05qa3paVGRsTlMwelptVmxMVFJrT0RBdFlqTTJPUzFrWVRKaE5XUTJPV00zTURRdwpIaGNOTWpFd016QTRNakV3TkRJd1doY05Nall3TXpBM01qSXdOREl3V2pBdk1TMHdLd1lEVlFRREV5UmtOamt6ClpUZGxOUzB6Wm1WbExUUmtPREF0WWpNMk9TMWtZVEpoTldRMk9XTTNNRFF3Z2dFaU1BMEdDU3FHU0liM0RRRUIKQVFVQUE0SUJEd0F3Z2dFS0FvSUJBUURhck9pSFJDVWMzZnNZZFhWRWt5Z09ZallrUjJGbU1KTTVrL1R5SHY2cApUSklZMnNQUXQrVXZISnExdnFkSExCVGZlQTdSaGRkRlF6SDFaT2VUcXhray9BUEdrNnR5VE9PQXpWcnVtQUhiCnl0NGN1VVJFbUYwWWdIeWo4UWU5VHNIVG1PU1kxOTA4QzNJWGE4WC9XMC9tTlphNGRWNGErYXF6V1NzTXpONnYKMC9zTGIwT1AwMkVweElPZXNNTCtjOW9sd0hnTWxRNWxQU1VHdFdSZCtXdVB3RXBsVlRDZWZINkkzRlNBTkRnQQoxallXcDUwanRJT0VLbitxaU16Y2JOUllLTElnZlF1ekJHK2pxUmc2dFZ4aFVqVldzdzJhWnh5MmF4dlJraC85CmZhMVJKdlVQc0hUSXVkYXZJZ09DeTFDVFNscVU5Wis5blhzeENaeE1PMWxCQWdNQkFBR2pRakJBTUE0R0ExVWQKRHdFQi93UUVBd0lDQkRBUEJnTlZIUk1CQWY4RUJUQURBUUgvTUIwR0ExVWREZ1FXQkJRT0Q0Y1VEZ1BiYUhJWQpnNHZFd1dJWjJhWDJyVEFOQmdrcWhraUc5dzBCQVFzRkFBT0NBUUVBWEI0VFJqdmFtTVdyY1NYT3JDNDYzeGVqCndLOTlOUlV3MS9jTDBBbVpkcUZ2Q0R0ZmxTd0xNc1pCMTRwZVZYa0lra0pRbG9ETXM5NU1oVHVSNGVZVzE2TEIKcjk2Y3VuWEdRbzFraGZtS1p1RXgvTzZvK1QxbWppWW5uN3JJZTFYOHFhajFGUXRWeFFDNzZLV242d1krZER0NwpqMzJIV01JSlkwV1lIa1QzNjdjd3lmS2s3N2FXay8yN09jWjZ0S2ZKVUs5K1pLTVZRd2pRK3pYa05PR1gzTVhHClZ3b2xmVE8vbHl1c1JPWGZOQldxSnd3Qm8rQVorRTc4d3dTdUpQdHdMTmRKdnNqWHlvSm9ONWQxVldBQzBzZVAKYVBiSWFuQ1lOeGZoYjJ3NkdMb3ZwNnplL1pFZmVkTlRnRWx2U3NXUVQ4UHdpSzJyTzFvOER2NUdlMnFnR3c9PQotLS0tLUVORCBDRVJUSUZJQ0FURS0tLS0tCg==\n    server: https://35.228.30.211\n  name: kefir-k8s-cluster-dev\ncontexts:\n- context:\n    cluster: kefir-k8s-cluster-dev\n    user: kefir-k8s-cluster-dev\n  name: kefir-k8s-cluster-dev\ncurrent-context: kefir-k8s-cluster-dev\nkind: Config\npreferences: {}\nusers:\n- name: kefir-k8s-cluster-dev\n  user:\n    token: ya29.a0AfH6SMCO02nJSVBLxDkYqtdiz3hz3-AJ2-Y-UkuTe-bDFbVmdhs6qf36SZM8jKWEhBURFfutyHyWqAkliEjtACKLFLO0U7gPk0M0Jf0kSeU752LuAs0EDRr8R4IByUYYlndgCy_LkIRYkniNEan3n2VqpraLO9JxmLSF7kz13qNz0fKD_qqRkGyb1waC8PWApacgYcq9SspX3yeXRbCyVSwkGU-YGkpmg5KmBz1fiH4X_o9Ci159imldjVW0A4p_S5bTDMc\n",
            "content_base64": null,
            "directory_permission": "0777",
            "file_permission": "0777",
            "filename": "kubeconfig-dev",
            "id": "72072962507498a18dc5fff1abb21b45962e7319",
            "sensitive_content": null,
            "source": null
          },
          "private": "bnVsbA=="
        }
      ]
    },
    {
      "module": "module.gke",
      "mode": "managed",
      "type": "null_resource",
      "name": "delete_default_kube_dns_configmap",
      "each": "list",
      "provider": "provider.null",
      "instances": []
    },
    {
      "module": "module.gke",
      "mode": "managed",
      "type": "null_resource",
      "name": "wait_for_cluster",
      "each": "list",
      "provider": "provider.null",
      "instances": [
        {
          "index_key": 0,
          "schema_version": 0,
          "attributes": {
            "id": "3753697682013802492",
            "triggers": {
              "name": "kefir-k8s-cluster-dev",
              "project_id": "kefir-306607"
            }
          },
          "private": "bnVsbA==",
          "dependencies": [
            "module.gcp-network.module.subnets.google_compute_subnetwork.subnetwork",
            "module.gcp-network.module.vpc.google_compute_network.network",
            "module.gke.google_container_cluster.primary",
            "module.gke.google_container_node_pool.pools",
            "module.gke.google_service_account.cluster_service_account",
            "module.gke.random_shuffle.available_zones"
          ]
        }
      ]
    },
    {
      "module": "module.gke",
      "mode": "managed",
      "type": "random_shuffle",
      "name": "available_zones",
      "provider": "provider.random",
      "instances": [
        {
          "schema_version": 0,
          "attributes": {
            "id": "-",
            "input": [
              "europe-north1-a",
              "europe-north1-b",
              "europe-north1-c"
            ],
            "keepers": null,
            "result": [
              "europe-north1-a",
              "europe-north1-c",
              "europe-north1-b"
            ],
            "result_count": 3,
            "seed": null
          },
          "private": "bnVsbA=="
        }
      ]
    },
    {
      "module": "module.gke",
      "mode": "managed",
      "type": "random_string",
      "name": "cluster_service_account_suffix",
      "provider": "provider.random",
      "instances": [
        {
          "schema_version": 1,
          "attributes": {
            "id": "33bd",
            "keepers": null,
            "length": 4,
            "lower": true,
            "min_lower": 0,
            "min_numeric": 0,
            "min_special": 0,
            "min_upper": 0,
            "number": true,
            "override_special": null,
            "result": "33bd",
            "special": false,
            "upper": false
          },
          "private": "eyJzY2hlbWFfdmVyc2lvbiI6IjEifQ=="
        }
      ]
    }
  ]
}
